
Microsoft Visual Studio Solution File, Format Version 12.00
# Visual Studio 15
VisualStudioVersion = 15.0.27703.2035
MinimumVisualStudioVersion = 10.0.40219.1
Project("{FAE04EC0-301F-11D3-BF4B-00C04F79EFBC}") = "Ch4-P6-FunWithStructures", "Ch4-P6-FunWithStructures\Ch4-P6-FunWithStructures.csproj", "{C31D8B12-D3B8-4DB4-84F5-7D74EEE48B27}"
EndProject
Global
	GlobalSection(SolutionConfigurationPlatforms) = preSolution
		Debug|Any CPU = Debug|Any CPU
		Release|Any CPU = Release|Any CPU
	EndGlobalSection
	GlobalSection(ProjectConfigurationPlatforms) = postSolution
		{C31D8B12-D3B8-4DB4-84F5-7D74EEE48B27}.Debug|Any CPU.ActiveCfg = Debug|Any CPU
		{C31D8B12-D3B8-4DB4-84F5-7D74EEE48B27}.Debug|Any CPU.Build.0 = Debug|Any CPU
		{C31D8B12-D3B8-4DB4-84F5-7D74EEE48B27}.Release|Any CPU.ActiveCfg = Release|Any CPU
		{C31D8B12-D3B8-4DB4-84F5-7D74EEE48B27}.Release|Any CPU.Build.0 = Release|Any CPU
	EndGlobalSection
	GlobalSection(SolutionProperties) = preSolution
		HideSolutionNode = FALSE
	EndGlobalSection
	GlobalSection(ExtensibilityGlobals) = postSolution
		SolutionGuid = {B192BF88-C8B5-43BE-9B3E-C00EA83A6E93}
	EndGlobalSection
EndGlobal
